# This file is autogenerated, do not edit; changes may be undone by the next 'dep ensure'.


[[projects]]
  digest = "1:b45029fccde1c253d7d2bf817707ef7d8822455b95762c2fc93c1a35f82d9e9a"
  name = "cloud.google.com/go"
  packages = ["compute/metadata"]
  pruneopts = ""
  revision = "20d4028b8a750c2aca76bf9fefa8ed2d0109b573"
  version = "v0.19.0"

[[projects]]
  digest = "1:b801fcfde3e5b0b997919941238438a7eb5ca43e431467e19540b59626908e18"
  name = "github.com/DataDog/datadog-go"
  packages = ["statsd"]
  pruneopts = ""
  revision = "0ddda6bee21174ef6c4873647cb0d6ec9cba996f"
  version = "1.1.0"

[[projects]]
  digest = "1:355a000a06dc127c555e408c3778f9968fe4c1680ea6a1c13ba5612274b78551"
  name = "github.com/Shopify/sarama"
  packages = ["."]
  pruneopts = ""
  revision = "3b1b38866a79f06deddf0487d5c27ba0697ccd65"
  version = "v1.15.0"

[[projects]]
  digest = "1:73ebcbf8b130be886f04e5b928308604a36620e53343b833926a3aa4f2582abd"
  name = "github.com/alexcesaro/statsd"
  packages = ["."]
  pruneopts = ""
  revision = "7fea3f0d2fab1ad973e641e51dba45443a311a90"
  version = "v2.0.0"

[[projects]]
  digest = "1:158df1b5f5844347008fa48fc3efc82131d6b67570a31516a04115a67facdabd"
  name = "github.com/apache/thrift"
  packages = ["lib/go/thrift"]
  pruneopts = ""
  revision = "b2a4d4ae21c789b689dd162deb819665567f481c"
  version = "0.10.0"

[[projects]]
  digest = "1:331046c28e2c41deb6c9f9e10a837b47b3fc4895e15827b2792b10a2603a17ce"
  name = "github.com/asaskevich/govalidator"
  packages = ["."]
  pruneopts = ""
  revision = "521b25f4b05fd26bec69d9dedeb8f9c9a83939a8"
  version = "v8"

[[projects]]
  digest = "1:1c82dd6a02941a3c4f23a32eca182717ab79691939e97d6b971466b780f06eea"
  name = "github.com/aws/aws-sdk-go"
  packages = [
    "aws",
    "aws/awserr",
    "aws/awsutil",
    "aws/client",
    "aws/client/metadata",
    "aws/corehandlers",
    "aws/credentials",
    "aws/credentials/ec2rolecreds",
    "aws/credentials/endpointcreds",
    "aws/credentials/stscreds",
    "aws/defaults",
    "aws/ec2metadata",
    "aws/endpoints",
    "aws/request",
    "aws/session",
    "aws/signer/v4",
    "internal/sdkio",
    "internal/sdkrand",
    "internal/shareddefaults",
    "private/protocol",
    "private/protocol/query",
    "private/protocol/query/queryutil",
    "private/protocol/rest",
    "private/protocol/restxml",
    "private/protocol/xml/xmlutil",
    "service/s3",
    "service/s3/s3iface",
    "service/sts",
  ]
  pruneopts = ""
  revision = "9b0098a71f6d4d473a26ec8ad3c2feaac6eb1da6"
  version = "v1.13.32"

[[projects]]
  digest = "1:512883404c2a99156e410e9880e3bb35ecccc0c07c1159eb204b5f3ef3c431b3"
  name = "github.com/bitly/go-simplejson"
  packages = ["."]
  pruneopts = ""
  revision = "aabad6e819789e569bd6aabf444c935aa9ba1e44"
  version = "v0.5.0"

[[projects]]
  digest = "1:4b0d3367477f903ca3ff99881873c78f7d58fffb287d282a72959c6db7b1df24"
  name = "github.com/bsm/redis-lock"
  packages = ["."]
  pruneopts = ""
  revision = "0a3c01f764b4864e340afce6ffa26c97da6927bb"
  version = "v6.0.0"

[[projects]]
  digest = "1:c7b11da9bf0707e6920e1b361fbbbbe9b277ef3a198377baa4527f6e31049be0"
  name = "github.com/certifi/gocertifi"
  packages = ["."]
  pruneopts = ""
  revision = "3fd9e1adb12b72d2f3f82191d49be9b93c69f67c"
  version = "2017.07.27"

[[projects]]
  branch = "master"
  digest = "1:c46fd324e7902268373e1b337436a6377c196e2dbd7b35624c6256d29d494e78"
  name = "github.com/codahale/hdrhistogram"
  packages = ["."]
  pruneopts = ""
  revision = "3a0bb77429bd3a61596f5e8a3172445844342120"

[[projects]]
  digest = "1:9ebdaf26c9ef6a4ddaf0815a8da7048e8cc2b4fdf76cb72737245e7230c44015"
  name = "github.com/confluentinc/confluent-kafka-go"
  packages = ["kafka"]
  pruneopts = ""
  revision = "f696f02dcbb04d95b103c5b848bb15f749a996f7"
  version = "v0.11.0"

[[projects]]
  digest = "1:56c130d885a4aacae1dd9c7b71cfe39912c7ebc1ff7d2b46083c8812996dc43b"
  name = "github.com/davecgh/go-spew"
  packages = ["spew"]
  pruneopts = ""
  revision = "346938d642f2ec3594ed81d874461961cd0faa76"
  version = "v1.1.0"

[[projects]]
  digest = "1:f714fa0ab4449a2fe13d156446ac1c1e16bc85334e9be320d42bf8bee362ba45"
  name = "github.com/eapache/go-resiliency"
  packages = ["breaker"]
  pruneopts = ""
  revision = "6800482f2c813e689c88b7ed3282262385011890"
  version = "v1.0.0"

[[projects]]
  branch = "master"
  digest = "1:1f7503fa58a852a1416556ae2ddb219b49a1304fd408391948e2e3676514c48d"
  name = "github.com/eapache/go-xerial-snappy"
  packages = ["."]
  pruneopts = ""
  revision = "bb955e01b9346ac19dc29eb16586c90ded99a98c"

[[projects]]
  digest = "1:d8d46d21073d0f65daf1740ebf4629c65e04bf92e14ce93c2201e8624843c3d3"
  name = "github.com/eapache/queue"
  packages = ["."]
  pruneopts = ""
  revision = "44cc805cf13205b55f69e14bcb69867d1ae92f98"
  version = "v1.1.0"

[[projects]]
  digest = "1:eecb3e6cef98036972582ffff7d3e340aef15f075236da353aa3e7fb798fdb21"
  name = "github.com/eclipse/paho.mqtt.golang"
  packages = [
    ".",
    "packets",
  ]
  pruneopts = ""
  revision = "aff15770515e3c57fc6109da73d42b0d46f7f483"
  version = "v1.1.0"

[[projects]]
  digest = "1:9f1e571696860f2b4f8a241b43ce91c6085e7aaed849ccca53f590a4dc7b95bd"
  name = "github.com/fsnotify/fsnotify"
  packages = ["."]
  pruneopts = ""
  revision = "629574ca2a5df945712d3079857300b5e4da0236"
  version = "v1.4.2"

[[projects]]
  digest = "1:9525d0e79ccf382e32edeef466b9a91f16eb0eebdca5971a03fad1bb3be9cd89"
  name = "github.com/garyburd/redigo"
  packages = [
    "internal",
    "redis",
  ]
  pruneopts = ""
  revision = "a69d19351219b6dd56f274f96d85a7014a2ec34e"
  version = "v1.6.0"

[[projects]]
  branch = "master"
  digest = "1:321056aaf2ccf872344654037b5b826de6dd5ee88484ac7d05a3f9d6ea63d6af"
  name = "github.com/getsentry/raven-go"
  packages = ["."]
  pruneopts = ""
  revision = "1452f6376ddb15c546b6d7567e1d9518765391b5"

[[projects]]
  digest = "1:bf2f7fe273c480d33aae7125cd4817a005d872322697c689f01b75969bffe1f7"
  name = "github.com/go-gorp/gorp"
  packages = ["."]
  pruneopts = ""
  revision = "4df78490a9aa9a78b9b02b0c913df8dc1954faee"
  version = "2.1"

[[projects]]
  digest = "1:0bfeb5822bb3e0945f9455c2ee2ace0e6448e3a97474d4d001dcedf9f24e46fc"
  name = "github.com/go-ini/ini"
  packages = ["."]
  pruneopts = ""
  revision = "ace140f73450505f33e8b8418216792275ae82a7"
  version = "v1.35.0"

[[projects]]
  digest = "1:cf612e4907ff90dcd1b1ea52c4bdd182dee6437e6035aaf1ff518b1372b9ada5"
  name = "github.com/go-pg/pg"
  packages = [
    ".",
    "internal",
    "internal/parser",
    "internal/pool",
    "orm",
    "types",
  ]
  pruneopts = ""
  revision = "2cb96043eb15699002a72c64f2b38d62cf6e4bc0"
  version = "v6.12.0"

[[projects]]
  digest = "1:3dfd659219b6f63dc0677a62b8d4e8f10b5cf53900aef40858db10a19407e41d"
  name = "github.com/go-redis/redis"
  packages = [
    ".",
    "internal",
    "internal/consistenthash",
    "internal/hashtag",
    "internal/pool",
    "internal/proto",
    "internal/singleflight",
    "internal/util",
  ]
  pruneopts = ""
  revision = "83fb42932f6145ce52df09860384a4653d2d332a"
  version = "v6.12.0"

[[projects]]
  branch = "master"
  digest = "1:e7cc2e8b986a572d103958b77561242cf73925710ee4cd6db0bfce8d917e550f"
  name = "github.com/gocql/gocql"
  packages = [
    ".",
    "internal/lru",
    "internal/murmur",
    "internal/streams",
  ]
  pruneopts = ""
  revision = "2e9f2912ba58e37f34af3554659b576eac655760"

[[projects]]
  digest = "1:a1bad350477afbc84e8cbe5c78be4579478c55335377239631ff0adb985fbabc"
  name = "github.com/golang/mock"
  packages = ["gomock"]
  pruneopts = ""
  revision = "13f360950a79f5864a972c786a10a50e44b69541"
  version = "v1.0.0"

[[projects]]
  digest = "1:bcb38c8fc9b21bb8682ce2d605a7d4aeb618abc7f827e3ac0b27c0371fdb23fb"
  name = "github.com/golang/protobuf"
  packages = ["proto"]
  pruneopts = ""
  revision = "925541529c1fa6821df4e44ce2723319eb2be768"
  version = "v1.0.0"

[[projects]]
  branch = "master"
  digest = "1:09307dfb1aa3f49a2bf869dcfa4c6c06ecd3c207221bd1c1a1141f0e51f209eb"
  name = "github.com/golang/snappy"
  packages = ["."]
  pruneopts = ""
  revision = "553a641470496b2327abcac10b36396bd98e45c9"

[[projects]]
  digest = "1:20ed7daa9b3b38b6d1d39b48ab3fd31122be5419461470d0c28de3e121c93ecf"
  name = "github.com/gorilla/context"
  packages = ["."]
  pruneopts = ""
  revision = "1ea25387ff6f684839d82767c1733ff4d4d15d0a"
  version = "v1.1"

[[projects]]
  digest = "1:aa016bbb412f496a7baed9e02787a60cd15c9a3edfa72da9c4a95d6cea610334"
  name = "github.com/gorilla/mux"
  packages = ["."]
  pruneopts = ""
  revision = "53c1911da2b537f792e7cafcb446b05ffe33b996"
  version = "v1.6.1"

[[projects]]
  branch = "master"
  digest = "1:60b7bc5e043a11213472ae05252527287d20e0a6ccc18f6ae67fad88e41004de"
  name = "github.com/hailocab/go-hostpool"
  packages = ["."]
  pruneopts = ""
  revision = "e80d13ce29ede4452c43dea11e79b9bc8a15b478"

[[projects]]
  branch = "master"
  digest = "1:c12ac8c5b99dca211fcad8c7de30379cf83377f10a28125e8bdde556ab32896a"
  name = "github.com/hashicorp/hcl"
  packages = [
    ".",
    "hcl/ast",
    "hcl/parser",
    "hcl/printer",
    "hcl/scanner",
    "hcl/strconv",
    "hcl/token",
    "json/parser",
    "json/scanner",
    "json/token",
  ]
  pruneopts = ""
  revision = "68e816d1c783414e79bc65b3994d9ab6b0a722ab"

[[projects]]
  branch = "master"
  digest = "1:a0c0f06f12f4b83b89eec79114265c54e9e300b8ddda0f0f3fb49a685283fa6c"
  name = "github.com/jinzhu/inflection"
  packages = ["."]
  pruneopts = ""
  revision = "1c35d901db3da928c72a72d8458480cc9ade058f"

[[projects]]
  digest = "1:6f49eae0c1e5dab1dafafee34b207aeb7a42303105960944828c2079b92fc88e"
  name = "github.com/jmespath/go-jmespath"
  packages = ["."]
  pruneopts = ""
  revision = "0b12d6b5"

[[projects]]
  digest = "1:b5e7b31a1248318bf745005b6a1f8d8e0954190f7d98020b75884cc4a0c31a0a"
  name = "github.com/jrallison/go-workers"
  packages = ["."]
  pruneopts = ""
  revision = "dbf81d0b75bbe2fd90ef66a07643dd70cb42a88a"

[[projects]]
  digest = "1:d59f099c47eec83cede79b16b89f007d09c14eb6a6deeafbd8a99c00c905d284"
  name = "github.com/labstack/echo"
  packages = [
    ".",
    "context",
    "engine",
    "log",
  ]
  pruneopts = ""
  revision = "e08070379af60f5b9c0fb5bb2d1527ba9624fe43"
  version = "v2.2.0"

[[projects]]
  digest = "1:8b892c6273cbc58834d83016abbc942bfec885b01e1a26db0955d7bec885f628"
  name = "github.com/labstack/gommon"
  packages = [
    "color",
    "log",
  ]
  pruneopts = ""
  revision = "57409ada9da0f2afad6664c49502f8c50fbd8476"
  version = "0.2.3"

[[projects]]
  branch = "master"
  digest = "1:8f0ecac344e2c0a4a55df0306994ed2ce3b9e9598da959ce4e5831aaa05f1e1e"
  name = "github.com/lib/pq"
  packages = [
    ".",
    "oid",
  ]
  pruneopts = ""
  revision = "d34b9ff171c21ad295489235aec8b6626023cd04"

[[projects]]
  digest = "1:1ce378ab2352c756c6d7a0172c22ecbd387659d32712a4ce3bc474273309a5dc"
  name = "github.com/magiconair/properties"
  packages = ["."]
  pruneopts = ""
  revision = "be5ece7dd465ab0765a9682137865547526d1dfb"
  version = "v1.7.3"

[[projects]]
  branch = "master"
  digest = "1:1f6522b148fa2fb779a962e572511b808e731a50f5f6a2b148672aec15a97873"
  name = "github.com/mailru/easyjson"
  packages = [
    ".",
    "buffer",
    "jlexer",
    "jwriter",
  ]
  pruneopts = ""
  revision = "517203d186eb343d3df4068565cc0446b450d2c4"

[[projects]]
  digest = "1:9ea83adf8e96d6304f394d40436f2eb44c1dc3250d223b74088cc253a6cd0a1c"
  name = "github.com/mattn/go-colorable"
  packages = ["."]
  pruneopts = ""
  revision = "167de6bfdfba052fa6b2d3664c8f5272e23c9072"
  version = "v0.0.9"

[[projects]]
  digest = "1:78229b46ddb7434f881390029bd1af7661294af31f6802e0e1bedaad4ab0af3c"
  name = "github.com/mattn/go-isatty"
  packages = ["."]
  pruneopts = ""
  revision = "0360b2af4f38e8d38c7fce2a9f4e702702d73a39"
  version = "v0.0.3"

[[projects]]
  branch = "master"
  digest = "1:50416da10e189bc201e122e20078fb8e680a439cbdd24aaece06c434b4415b60"
  name = "github.com/mgutz/ansi"
  packages = ["."]
  pruneopts = ""
  revision = "9520e82c474b0a04dd04f8a40959027271bab992"

[[projects]]
  digest = "1:47af139ef25cee26d54b8422b73a043ab5d8f5ec26a1ae49d3ca9212f1dbfdac"
  name = "github.com/mgutz/logxi"
  packages = ["v1"]
  pruneopts = ""
  revision = "aebf8a7d67ab4625e0fd4a665766fef9a709161b"
  version = "v1"

[[projects]]
  digest = "1:0e5592625794f54f33024be3de11314c04d3f8b03fadb556c9b0d30b66e9ee28"
  name = "github.com/mgutz/str"
  packages = ["."]
  pruneopts = ""
  revision = "968bf66e3da857419e4f6e71b2d5c9ae95682dc4"
  version = "v1.2.0"

[[projects]]
  branch = "master"
  digest = "1:c9ede10a9ded782d25d1f0be87c680e11409c23554828f19a19d691a95e76130"
  name = "github.com/mitchellh/mapstructure"
  packages = ["."]
  pruneopts = ""
  revision = "d0303fe809921458f417bcf828397a65db30a7e4"

[[projects]]
  digest = "1:32b27072cd55bd2fb7244de0425943d125da6a552ae2b6517cdd965a662baf18"
  name = "github.com/onsi/ginkgo"
  packages = [
    ".",
    "config",
    "internal/codelocation",
    "internal/containernode",
    "internal/failer",
    "internal/leafnodes",
    "internal/remote",
    "internal/spec",
    "internal/spec_iterator",
    "internal/specrunner",
    "internal/suite",
    "internal/testingtproxy",
    "internal/writer",
    "reporters",
    "reporters/stenographer",
    "reporters/stenographer/support/go-colorable",
    "reporters/stenographer/support/go-isatty",
    "types",
  ]
  pruneopts = ""
  revision = "9eda700730cba42af70d53180f9dcce9266bc2bc"
  version = "v1.4.0"

[[projects]]
  digest = "1:a4e59d0b2821c983b58c317f141cd77df20570979632da8a7a352e5d12698de7"
  name = "github.com/onsi/gomega"
  packages = [
    ".",
    "format",
    "internal/assertion",
    "internal/asyncassertion",
    "internal/oraclematcher",
    "internal/testingtsupport",
    "matchers",
    "matchers/support/goraph/bipartitegraph",
    "matchers/support/goraph/edge",
    "matchers/support/goraph/node",
    "matchers/support/goraph/util",
    "types",
  ]
  pruneopts = ""
  revision = "c893efa28eb45626cdaa76c9f653b62488858837"
  version = "v1.2.0"

[[projects]]
  digest = "1:78fb99d6011c2ae6c72f3293a83951311147b12b06a5ffa43abf750c4fab6ac5"
  name = "github.com/opentracing/opentracing-go"
  packages = [
    ".",
    "ext",
    "log",
  ]
  pruneopts = ""
  revision = "1949ddbfd147afd4d964a9f00b24eb291e0e7c38"
  version = "v1.0.2"

[[projects]]
  digest = "1:049b5bee78dfdc9628ee0e557219c41f683e5b06c5a5f20eaba0105ccc586689"
  name = "github.com/pelletier/go-buffruneio"
  packages = ["."]
  pruneopts = ""
  revision = "c37440a7cf42ac63b919c752ca73a85067e05992"
  version = "v0.2.0"

[[projects]]
  digest = "1:6d5a9728ae27e477a07bb69f02ea0bade74eb8b0c7346d046337904bbf7af065"
  name = "github.com/pelletier/go-toml"
  packages = ["."]
  pruneopts = ""
  revision = "5ccdfb18c776b740aecaf085c4d9a2779199c279"
  version = "v1.0.0"

[[projects]]
  digest = "1:52b8f1dc01c8a930900aa94e227b0c4c36e7102a5b124687ff1f88a221590234"
  name = "github.com/pierrec/lz4"
  packages = ["."]
  pruneopts = ""
  revision = "2fcda4cb7018ce05a25959d2fe08c83e3329f169"
  version = "v1.1"

[[projects]]
  digest = "1:ff95a6c61f34f32e57833783059c80274d84e9c74e6e315c3dc2e93e9bf3dab9"
  name = "github.com/pierrec/xxHash"
  packages = ["xxHash32"]
  pruneopts = ""
  revision = "f051bb7f1d1aaf1b5a665d74fb6b0217712c69f7"
  version = "v0.1.1"

[[projects]]
  digest = "1:7365acd48986e205ccb8652cc746f09c8b7876030d53710ea6ef7d0bd0dcd7ca"
  name = "github.com/pkg/errors"
  packages = ["."]
  pruneopts = ""
  revision = "645ef00459ed84a119197bfb8d8205042c6df63d"
  version = "v0.8.0"

[[projects]]
  branch = "master"
  digest = "1:b735d1c7f79d73bbbec30d4874ef521e0f02b73f7394d5daa527747ac367df5c"
  name = "github.com/rcrowley/go-metrics"
  packages = ["."]
  pruneopts = ""
  revision = "8732c616f52954686704c8645fe1a9d59e9df7c1"

[[projects]]
  digest = "1:7f569d906bdd20d906b606415b7d794f798f91a62fcfb6a4daa6d50690fb7a3f"
  name = "github.com/satori/go.uuid"
  packages = ["."]
  pruneopts = ""
  revision = "f58768cc1a7a7e77a3bd49e98cdd21419399b6a3"
  version = "v1.2.0"

[[projects]]
  digest = "1:42a42c4bc67bed17f40fddf0f24d4403e25e7b96488456cf4248e6d16659d370"
  name = "github.com/sirupsen/logrus"
  packages = [
    ".",
    "hooks/test",
  ]
  pruneopts = ""
  revision = "d682213848ed68c0a260ca37d6dd5ace8423f5ba"
  version = "v1.0.4"

[[projects]]
  branch = "master"
  digest = "1:c189f11a84aa8b868a4b7cd4605653160424ab299cf7cfb1c5bd2740b949928f"
  name = "github.com/spf13/afero"
  packages = [
    ".",
    "mem",
  ]
  pruneopts = ""
  revision = "ee1bd8ee15a1306d1f9201acc41ef39cd9f99a1b"

[[projects]]
  digest = "1:6ff9b74bfea2625f805edec59395dc37e4a06458dd3c14e3372337e3d35a2ed6"
  name = "github.com/spf13/cast"
  packages = ["."]
  pruneopts = ""
  revision = "acbeb36b902d72a7a4c18e8f3241075e7ab763e4"
  version = "v1.1.0"

[[projects]]
  branch = "master"
  digest = "1:5cb42b990db5dc48b8bc23b6ee77b260713ba3244ca495cd1ed89533dc482a49"
  name = "github.com/spf13/jwalterweatherman"
  packages = ["."]
  pruneopts = ""
  revision = "12bd96e66386c1960ab0f74ced1362f66f552f7b"

[[projects]]
  digest = "1:261bc565833ef4f02121450d74eb88d5ae4bd74bfe5d0e862cddb8550ec35000"
  name = "github.com/spf13/pflag"
  packages = ["."]
  pruneopts = ""
  revision = "e57e3eeb33f795204c1ca35f56c44f83227c6e66"
  version = "v1.0.0"

[[projects]]
  digest = "1:3dab237cd3263a290d771d133fed777bb56c22e380b00ebe92e6531d5c8d3d0c"
  name = "github.com/spf13/viper"
  packages = ["."]
  pruneopts = ""
  revision = "b5e8006cbee93ec955a89ab31e0e3ce3204f3736"
  version = "v1.0.2"

[[projects]]
  digest = "1:bd88be6b21da3e44c062869bc19ed40312f8e13780724655eb1ee77787c6b34d"
  name = "github.com/uber/jaeger-client-go"
  packages = [
    ".",
    "config",
    "internal/baggage",
    "internal/baggage/remote",
    "internal/spanlog",
    "log",
    "rpcmetrics",
    "thrift-gen/agent",
    "thrift-gen/baggage",
    "thrift-gen/jaeger",
    "thrift-gen/sampling",
    "thrift-gen/zipkincore",
    "utils",
  ]
  pruneopts = ""
  revision = "3ac96c6e679cb60a74589b0d0aa7c70a906183f7"
  version = "v2.11.2"

[[projects]]
  digest = "1:ea30f571b4be9978d3a538cf2107c5341aee6d085e8e61468613a8c8e164d15a"
  name = "github.com/uber/jaeger-lib"
  packages = ["metrics"]
  pruneopts = ""
  revision = "4267858c0679cd4e47cefed8d7f70fd386cfb567"
  version = "v1.4.0"

[[projects]]
  branch = "master"
  digest = "1:857a9ecd5cb13379ecc8f798f6e6b6b574c98b9355657d91e068275f1120aaf7"
  name = "github.com/valyala/bytebufferpool"
  packages = ["."]
  pruneopts = ""
  revision = "e746df99fe4a3986f4d4f79e13c1e0117ce9c2f7"

[[projects]]
  branch = "master"
  digest = "1:bf6f8915c0338e875383cb7fdebd58a4d360a232f461d9a029d7ccb12f90c5d7"
  name = "github.com/valyala/fasttemplate"
  packages = ["."]
  pruneopts = ""
  revision = "dcecefd839c4193db0d35b88ec65b4c12d360ab0"

[[projects]]
  branch = "master"
  digest = "1:febc7d7c1a817016b83441742910a3eab682d5c64613fcd91fde7ca06107ea49"
  name = "golang.org/x/crypto"
  packages = ["ssh/terminal"]
  pruneopts = ""
  revision = "1875d0a70c90e57f11972aefd42276df65e895b9"

[[projects]]
  branch = "master"
  digest = "1:2d5c2b468f70a1f84c0407950dc7ccbc64b1558ab2874c7fcdfa931595afe72d"
  name = "golang.org/x/net"
  packages = [
    "context",
    "context/ctxhttp",
    "html",
    "html/atom",
    "html/charset",
    "proxy",
    "websocket",
  ]
  pruneopts = ""
  revision = "0a9397675ba34b2845f758fe3cd68828369c6517"

[[projects]]
  branch = "master"
  digest = "1:4efb9bf4c68f34463c4cadad9db3ea4ad4d3b4d6185701a04f6aabd233ffe5f6"
  name = "golang.org/x/oauth2"
  packages = [
    ".",
    "google",
    "internal",
    "jws",
    "jwt",
  ]
  pruneopts = ""
  revision = "2f32c3ac0fa4fb807a0fcefb0b6f2468a0d99bd0"

[[projects]]
  branch = "master"
  digest = "1:e9f555036bb1a2f61074131371313348581fa1b643c0e5f8c0a436bf7ce6db69"
  name = "golang.org/x/sys"
  packages = [
    "unix",
    "windows",
  ]
  pruneopts = ""
  revision = "314a259e304ff91bd6985da2a7149bbf91237993"

[[projects]]
  branch = "master"
  digest = "1:6ffd50f330d82d5a92f109253f3831900ccb99f973fb7d614e54ceaf6a41dcec"
  name = "golang.org/x/text"
  packages = [
    "encoding",
    "encoding/charmap",
    "encoding/htmlindex",
    "encoding/internal",
    "encoding/internal/identifier",
    "encoding/japanese",
    "encoding/korean",
    "encoding/simplifiedchinese",
    "encoding/traditionalchinese",
    "encoding/unicode",
    "internal/gen",
    "internal/tag",
    "internal/triegen",
    "internal/ucd",
    "internal/utf8internal",
    "language",
    "runes",
    "transform",
    "unicode/cldr",
    "unicode/norm",
  ]
  pruneopts = ""
  revision = "1cbadb444a806fd9430d14ad08967ed91da4fa0a"

[[projects]]
  digest = "1:934fb8966f303ede63aa405e2c8d7f0a427a05ea8df335dfdc1833dd4d40756f"
  name = "google.golang.org/appengine"
  packages = [
    ".",
    "internal",
    "internal/app_identity",
    "internal/base",
    "internal/datastore",
    "internal/log",
    "internal/modules",
    "internal/remote_api",
    "internal/urlfetch",
    "urlfetch",
  ]
  pruneopts = ""
  revision = "150dc57a1b433e64154302bdc40b6bb8aefa313a"
  version = "v1.0.0"

[[projects]]
  digest = "1:e5d1fb981765b6f7513f793a3fcaac7158408cca77f75f7311ac82cc88e9c445"
  name = "gopkg.in/inf.v0"
  packages = ["."]
  pruneopts = ""
  revision = "3887ee99ecf07df5b447e9b00d9c0b2adaa9f3e4"
  version = "v0.9.0"

[[projects]]
  branch = "v2"
  digest = "1:c80894778314c7fb90d94a5ab925214900e1341afeddc953cda7398b8cdcd006"
  name = "gopkg.in/mgo.v2"
  packages = [
    ".",
    "bson",
    "internal/json",
    "internal/sasl",
    "internal/scram",
  ]
  pruneopts = ""
  revision = "3f83fa5005286a7fe593b055f0d7771a7dce4655"

[[projects]]
  branch = "v2"
  digest = "1:5d2e74abdf0a45186f4f6f13d6c67c3be7773af77bf8d69e1836c3ece53dcabf"
  name = "gopkg.in/mgutz/dat.v2"
  packages = [
    "common",
    "dat",
    "reflectx",
  ]
  pruneopts = ""
  revision = "d76e4f81c4ef6aac98aca46f9f1f38a54d06fd7e"

[[projects]]
  digest = "1:bdf5bbcf8584c7e2bc630012ad3c9b1cc7bfb9cec912f34fb2e5d373ce61904e"
  name = "gopkg.in/olivere/elastic.v5"
  packages = [
    ".",
    "config",
    "uritemplates",
  ]
  pruneopts = ""
  revision = "dbe820f35164384c998099db63481b583d53f73b"
  version = "v5.0.66"

[[projects]]
  branch = "v2"
  digest = "1:81314a486195626940617e43740b4fa073f265b0715c9f54ce2027fee1cb5f61"
  name = "gopkg.in/yaml.v2"
  packages = ["."]
  pruneopts = ""
  revision = "eb3733d160e74a9c7e442f435eb3bea458e1d19f"

[solve-meta]
  analyzer-name = "dep"
  analyzer-version = 1
  input-imports = [
    "github.com/DataDog/datadog-go/statsd",
    "github.com/Shopify/sarama",
    "github.com/alexcesaro/statsd",
    "github.com/asaskevich/govalidator",
    "github.com/aws/aws-sdk-go/aws",
    "github.com/aws/aws-sdk-go/aws/credentials",
    "github.com/aws/aws-sdk-go/aws/session",
    "github.com/aws/aws-sdk-go/service/s3",
    "github.com/aws/aws-sdk-go/service/s3/s3iface",
    "github.com/bsm/redis-lock",
    "github.com/confluentinc/confluent-kafka-go/kafka",
    "github.com/eclipse/paho.mqtt.golang",
    "github.com/getsentry/raven-go",
    "github.com/go-gorp/gorp",
    "github.com/go-pg/pg",
    "github.com/go-pg/pg/orm",
    "github.com/go-redis/redis",
    "github.com/gocql/gocql",
    "github.com/golang/mock/gomock",
    "github.com/gorilla/mux",
    "github.com/jrallison/go-workers",
    "github.com/labstack/echo",
    "github.com/labstack/echo/engine",
    "github.com/onsi/ginkgo",
    "github.com/onsi/gomega",
    "github.com/onsi/gomega/types",
    "github.com/opentracing/opentracing-go",
    "github.com/opentracing/opentracing-go/log",
    "github.com/satori/go.uuid",
    "github.com/sirupsen/logrus",
    "github.com/sirupsen/logrus/hooks/test",
    "github.com/spf13/viper",
    "github.com/uber/jaeger-client-go",
    "github.com/uber/jaeger-client-go/config",
    "golang.org/x/oauth2",
    "golang.org/x/oauth2/google",
    "gopkg.in/mgo.v2",
    "gopkg.in/mgo.v2/bson",
    "gopkg.in/mgutz/dat.v2/dat",
    "gopkg.in/olivere/elastic.v5",
  ]
  solver-name = "gps-cdcl"
  solver-version = 1
